// !$*UTF8*$!
{
	archiveVersion = 1;
	classes = {
	};
	objectVersion = 77;
	objects = {

/* Begin PBXBuildFile section */
		15000B329FE718794C064213 /* Pods_FitnessTrackerApp_FitnessTrackerAppUITests.framework in Frameworks */ = {isa = PBXBuildFile; fileRef = F89174CAB8DCEF1365470CE8 /* Pods_FitnessTrackerApp_FitnessTrackerAppUITests.framework */; };
		68716E0E25DE09B70F2E87C9 /* Pods_FitnessTrackerApp.framework in Frameworks */ = {isa = PBXBuildFile; fileRef = 19D6057E473B005F41E524AE /* Pods_FitnessTrackerApp.framework */; };
		E51AA97D2C3E21A37F8EB3FE /* Pods_FitnessTrackerAppTests.framework in Frameworks */ = {isa = PBXBuildFile; fileRef = 642BF0ABE447C64AFEDD48D1 /* Pods_FitnessTrackerAppTests.framework */; };
/* End PBXBuildFile section */

/* Begin PBXContainerItemProxy section */
		8ABBD44C2D00225400DDB2C1 /* PBXContainerItemProxy */ = {
			isa = PBXContainerItemProxy;
			containerPortal = 8ABBD42D2D00225300DDB2C1 /* Project object */;
			proxyType = 1;
			remoteGlobalIDString = 8ABBD4342D00225300DDB2C1;
			remoteInfo = FitnessTrackerApp;
		};
		8ABBD4562D00225400DDB2C1 /* PBXContainerItemProxy */ = {
			isa = PBXContainerItemProxy;
			containerPortal = 8ABBD42D2D00225300DDB2C1 /* Project object */;
			proxyType = 1;
			remoteGlobalIDString = 8ABBD4342D00225300DDB2C1;
			remoteInfo = FitnessTrackerApp;
		};
/* End PBXContainerItemProxy section */

/* Begin PBXFileReference section */
		19D6057E473B005F41E524AE /* Pods_FitnessTrackerApp.framework */ = {isa = PBXFileReference; explicitFileType = wrapper.framework; includeInIndex = 0; path = Pods_FitnessTrackerApp.framework; sourceTree = BUILT_PRODUCTS_DIR; };
		257FB352C5E3D57335311672 /* Pods-FitnessTrackerApp-FitnessTrackerAppUITests.release.xcconfig */ = {isa = PBXFileReference; includeInIndex = 1; lastKnownFileType = text.xcconfig; name = "Pods-FitnessTrackerApp-FitnessTrackerAppUITests.release.xcconfig"; path = "Target Support Files/Pods-FitnessTrackerApp-FitnessTrackerAppUITests/Pods-FitnessTrackerApp-FitnessTrackerAppUITests.release.xcconfig"; sourceTree = "<group>"; };
		32095515D400D225B7F809C8 /* Pods-FitnessTrackerApp.release.xcconfig */ = {isa = PBXFileReference; includeInIndex = 1; lastKnownFileType = text.xcconfig; name = "Pods-FitnessTrackerApp.release.xcconfig"; path = "Target Support Files/Pods-FitnessTrackerApp/Pods-FitnessTrackerApp.release.xcconfig"; sourceTree = "<group>"; };
		3B757983C1F03E323C2366A8 /* Pods-FitnessTrackerAppTests.debug.xcconfig */ = {isa = PBXFileReference; includeInIndex = 1; lastKnownFileType = text.xcconfig; name = "Pods-FitnessTrackerAppTests.debug.xcconfig"; path = "Target Support Files/Pods-FitnessTrackerAppTests/Pods-FitnessTrackerAppTests.debug.xcconfig"; sourceTree = "<group>"; };
		4F48C521417CB343D06C9982 /* Pods-FitnessTrackerApp-FitnessTrackerAppUITests.debug.xcconfig */ = {isa = PBXFileReference; includeInIndex = 1; lastKnownFileType = text.xcconfig; name = "Pods-FitnessTrackerApp-FitnessTrackerAppUITests.debug.xcconfig"; path = "Target Support Files/Pods-FitnessTrackerApp-FitnessTrackerAppUITests/Pods-FitnessTrackerApp-FitnessTrackerAppUITests.debug.xcconfig"; sourceTree = "<group>"; };
		642BF0ABE447C64AFEDD48D1 /* Pods_FitnessTrackerAppTests.framework */ = {isa = PBXFileReference; explicitFileType = wrapper.framework; includeInIndex = 0; path = Pods_FitnessTrackerAppTests.framework; sourceTree = BUILT_PRODUCTS_DIR; };
		8ABBD4352D00225300DDB2C1 /* FitnessTrackerApp.app */ = {isa = PBXFileReference; explicitFileType = wrapper.application; includeInIndex = 0; path = FitnessTrackerApp.app; sourceTree = BUILT_PRODUCTS_DIR; };
		8ABBD44B2D00225400DDB2C1 /* FitnessTrackerAppTests.xctest */ = {isa = PBXFileReference; explicitFileType = wrapper.cfbundle; includeInIndex = 0; path = FitnessTrackerAppTests.xctest; sourceTree = BUILT_PRODUCTS_DIR; };
		8ABBD4552D00225400DDB2C1 /* FitnessTrackerAppUITests.xctest */ = {isa = PBXFileReference; explicitFileType = wrapper.cfbundle; includeInIndex = 0; path = FitnessTrackerAppUITests.xctest; sourceTree = BUILT_PRODUCTS_DIR; };
		E39B813E37DFB035D3F53354 /* Pods-FitnessTrackerApp.debug.xcconfig */ = {isa = PBXFileReference; includeInIndex = 1; lastKnownFileType = text.xcconfig; name = "Pods-FitnessTrackerApp.debug.xcconfig"; path = "Target Support Files/Pods-FitnessTrackerApp/Pods-FitnessTrackerApp.debug.xcconfig"; sourceTree = "<group>"; };
		E97877662435A1FC85C038EF /* Pods-FitnessTrackerAppTests.release.xcconfig */ = {isa = PBXFileReference; includeInIndex = 1; lastKnownFileType = text.xcconfig; name = "Pods-FitnessTrackerAppTests.release.xcconfig"; path = "Target Support Files/Pods-FitnessTrackerAppTests/Pods-FitnessTrackerAppTests.release.xcconfig"; sourceTree = "<group>"; };
		F89174CAB8DCEF1365470CE8 /* Pods_FitnessTrackerApp_FitnessTrackerAppUITests.framework */ = {isa = PBXFileReference; explicitFileType = wrapper.framework; includeInIndex = 0; path = Pods_FitnessTrackerApp_FitnessTrackerAppUITests.framework; sourceTree = BUILT_PRODUCTS_DIR; };
/* End PBXFileReference section */

/* Begin PBXFileSystemSynchronizedBuildFileExceptionSet section */
		8A867DE12D00558200AB05E1 /* Exceptions for "FitnessTrackerApp" folder in "FitnessTrackerAppTests" target */ = {
			isa = PBXFileSystemSynchronizedBuildFileExceptionSet;
			membershipExceptions = (
				CoreData/FitnessTrackerApp.xcdatamodeld,
				"Resources/GoogleService-Info.plist",
				Services/CoreDataManager.swift,
				Services/FirebaseManager.swift,
				Services/HealthKitManager.swift,
				ViewModels/AuthViewModel.swift,
				ViewModels/WorkoutsGoalsViewModel.swift,
			);
			target = 8ABBD44A2D00225400DDB2C1 /* FitnessTrackerAppTests */;
		};
		8A867DED2D00576D00AB05E1 /* Exceptions for "FitnessTrackerAppTests" folder in "FitnessTrackerApp" target */ = {
			isa = PBXFileSystemSynchronizedBuildFileExceptionSet;
			membershipExceptions = (
				Mock/MockFirebaseManager.swift,
			);
			target = 8ABBD4342D00225300DDB2C1 /* FitnessTrackerApp */;
		};
		8A867E792D005B5800AB05E1 /* Exceptions for "FitnessTrackerApp" folder in "FitnessTrackerApp" target */ = {
			isa = PBXFileSystemSynchronizedBuildFileExceptionSet;
			membershipExceptions = (
				"CoreData/GoalEntity+CoreDataClass.swift",
				"CoreData/GoalEntity+CoreDataProperties.swift",
				"CoreData/WorkoutEntity+CoreDataClass.swift",
				"CoreData/WorkoutEntity+CoreDataProperties.swift",
				Info.plist,
			);
			target = 8ABBD4342D00225300DDB2C1 /* FitnessTrackerApp */;
		};
/* End PBXFileSystemSynchronizedBuildFileExceptionSet section */

/* Begin PBXFileSystemSynchronizedRootGroup section */
		8ABBD4372D00225300DDB2C1 /* FitnessTrackerApp */ = {
			isa = PBXFileSystemSynchronizedRootGroup;
			exceptions = (
				8A867E792D005B5800AB05E1 /* Exceptions for "FitnessTrackerApp" folder in "FitnessTrackerApp" target */,
				8A867DE12D00558200AB05E1 /* Exceptions for "FitnessTrackerApp" folder in "FitnessTrackerAppTests" target */,
			);
			path = FitnessTrackerApp;
			sourceTree = "<group>";
		};
		8ABBD44E2D00225400DDB2C1 /* FitnessTrackerAppTests */ = {
			isa = PBXFileSystemSynchronizedRootGroup;
			exceptions = (
				8A867DED2D00576D00AB05E1 /* Exceptions for "FitnessTrackerAppTests" folder in "FitnessTrackerApp" target */,
			);
			path = FitnessTrackerAppTests;
			sourceTree = "<group>";
		};
		8ABBD4582D00225400DDB2C1 /* FitnessTrackerAppUITests */ = {
			isa = PBXFileSystemSynchronizedRootGroup;
			path = FitnessTrackerAppUITests;
			sourceTree = "<group>";
		};
/* End PBXFileSystemSynchronizedRootGroup section */

/* Begin PBXFrameworksBuildPhase section */
		8ABBD4322D00225300DDB2C1 /* Frameworks */ = {
			isa = PBXFrameworksBuildPhase;
			buildActionMask = 2147483647;
			files = (
				68716E0E25DE09B70F2E87C9 /* Pods_FitnessTrackerApp.framework in Frameworks */,
			);
			runOnlyForDeploymentPostprocessing = 0;
		};
		8ABBD4482D00225400DDB2C1 /* Frameworks */ = {
			isa = PBXFrameworksBuildPhase;
			buildActionMask = 2147483647;
			files = (
				E51AA97D2C3E21A37F8EB3FE /* Pods_FitnessTrackerAppTests.framework in Frameworks */,
			);
			runOnlyForDeploymentPostprocessing = 0;
		};
		8ABBD4522D00225400DDB2C1 /* Frameworks */ = {
			isa = PBXFrameworksBuildPhase;
			buildActionMask = 2147483647;
			files = (
				15000B329FE718794C064213 /* Pods_FitnessTrackerApp_FitnessTrackerAppUITests.framework in Frameworks */,
			);
			runOnlyForDeploymentPostprocessing = 0;
		};
/* End PBXFrameworksBuildPhase section */

/* Begin PBXGroup section */
		8A867E1B2D00590700AB05E1 /* Frameworks */ = {
			isa = PBXGroup;
			children = (
				19D6057E473B005F41E524AE /* Pods_FitnessTrackerApp.framework */,
				F89174CAB8DCEF1365470CE8 /* Pods_FitnessTrackerApp_FitnessTrackerAppUITests.framework */,
				642BF0ABE447C64AFEDD48D1 /* Pods_FitnessTrackerAppTests.framework */,
			);
			name = Frameworks;
			sourceTree = "<group>";
		};
		8ABBD42C2D00225300DDB2C1 = {
			isa = PBXGroup;
			children = (
				8ABBD4372D00225300DDB2C1 /* FitnessTrackerApp */,
				8ABBD44E2D00225400DDB2C1 /* FitnessTrackerAppTests */,
				8ABBD4582D00225400DDB2C1 /* FitnessTrackerAppUITests */,
				8A867E1B2D00590700AB05E1 /* Frameworks */,
				8ABBD4362D00225300DDB2C1 /* Products */,
				A06F6572F5A9E24244EAB8B4 /* Pods */,
			);
			sourceTree = "<group>";
		};
		8ABBD4362D00225300DDB2C1 /* Products */ = {
			isa = PBXGroup;
			children = (
				8ABBD4352D00225300DDB2C1 /* FitnessTrackerApp.app */,
				8ABBD44B2D00225400DDB2C1 /* FitnessTrackerAppTests.xctest */,
				8ABBD4552D00225400DDB2C1 /* FitnessTrackerAppUITests.xctest */,
			);
			name = Products;
			sourceTree = "<group>";
		};
		A06F6572F5A9E24244EAB8B4 /* Pods */ = {
			isa = PBXGroup;
			children = (
				E39B813E37DFB035D3F53354 /* Pods-FitnessTrackerApp.debug.xcconfig */,
				32095515D400D225B7F809C8 /* Pods-FitnessTrackerApp.release.xcconfig */,
				4F48C521417CB343D06C9982 /* Pods-FitnessTrackerApp-FitnessTrackerAppUITests.debug.xcconfig */,
				257FB352C5E3D57335311672 /* Pods-FitnessTrackerApp-FitnessTrackerAppUITests.release.xcconfig */,
				3B757983C1F03E323C2366A8 /* Pods-FitnessTrackerAppTests.debug.xcconfig */,
				E97877662435A1FC85C038EF /* Pods-FitnessTrackerAppTests.release.xcconfig */,
			);
			path = Pods;
			sourceTree = "<group>";
		};
/* End PBXGroup section */

/* Begin PBXNativeTarget section */
		8ABBD4342D00225300DDB2C1 /* FitnessTrackerApp */ = {
			isa = PBXNativeTarget;
			buildConfigurationList = 8ABBD45F2D00225400DDB2C1 /* Build configuration list for PBXNativeTarget "FitnessTrackerApp" */;
			buildPhases = (
				ADDA575AF984E03781D7EB35 /* [CP] Check Pods Manifest.lock */,
				8ABBD4312D00225300DDB2C1 /* Sources */,
				8ABBD4322D00225300DDB2C1 /* Frameworks */,
				8ABBD4332D00225300DDB2C1 /* Resources */,
				0A92F7DAC0F9C74511AB0D2C /* [CP] Embed Pods Frameworks */,
			);
			buildRules = (
			);
			dependencies = (
			);
			fileSystemSynchronizedGroups = (
				8ABBD4372D00225300DDB2C1 /* FitnessTrackerApp */,
			);
			name = FitnessTrackerApp;
			productName = FitnessTrackerApp;
			productReference = 8ABBD4352D00225300DDB2C1 /* FitnessTrackerApp.app */;
			productType = "com.apple.product-type.application";
		};
		8ABBD44A2D00225400DDB2C1 /* FitnessTrackerAppTests */ = {
			isa = PBXNativeTarget;
			buildConfigurationList = 8ABBD4622D00225400DDB2C1 /* Build configuration list for PBXNativeTarget "FitnessTrackerAppTests" */;
			buildPhases = (
				70A583EA15119734448BC796 /* [CP] Check Pods Manifest.lock */,
				8ABBD4472D00225400DDB2C1 /* Sources */,
				8ABBD4482D00225400DDB2C1 /* Frameworks */,
				8ABBD4492D00225400DDB2C1 /* Resources */,
			);
			buildRules = (
			);
			dependencies = (
				8ABBD44D2D00225400DDB2C1 /* PBXTargetDependency */,
			);
			fileSystemSynchronizedGroups = (
				8ABBD44E2D00225400DDB2C1 /* FitnessTrackerAppTests */,
			);
			name = FitnessTrackerAppTests;
			productName = FitnessTrackerAppTests;
			productReference = 8ABBD44B2D00225400DDB2C1 /* FitnessTrackerAppTests.xctest */;
			productType = "com.apple.product-type.bundle.unit-test";
		};
		8ABBD4542D00225400DDB2C1 /* FitnessTrackerAppUITests */ = {
			isa = PBXNativeTarget;
			buildConfigurationList = 8ABBD4652D00225400DDB2C1 /* Build configuration list for PBXNativeTarget "FitnessTrackerAppUITests" */;
			buildPhases = (
				A6E5C3CD95912B7FFACC54C5 /* [CP] Check Pods Manifest.lock */,
				8ABBD4512D00225400DDB2C1 /* Sources */,
				8ABBD4522D00225400DDB2C1 /* Frameworks */,
				8ABBD4532D00225400DDB2C1 /* Resources */,
				D919C09C93340DCA3D9FB55A /* [CP] Embed Pods Frameworks */,
			);
			buildRules = (
			);
			dependencies = (
				8ABBD4572D00225400DDB2C1 /* PBXTargetDependency */,
			);
			fileSystemSynchronizedGroups = (
				8ABBD4582D00225400DDB2C1 /* FitnessTrackerAppUITests */,
			);
			name = FitnessTrackerAppUITests;
			productName = FitnessTrackerAppUITests;
			productReference = 8ABBD4552D00225400DDB2C1 /* FitnessTrackerAppUITests.xctest */;
			productType = "com.apple.product-type.bundle.ui-testing";
		};
/* End PBXNativeTarget section */

/* Begin PBXProject section */
		8ABBD42D2D00225300DDB2C1 /* Project object */ = {
			isa = PBXProject;
			attributes = {
				BuildIndependentTargetsInParallel = 1;
				LastSwiftUpdateCheck = 1610;
				LastUpgradeCheck = 1610;
				TargetAttributes = {
					8ABBD4342D00225300DDB2C1 = {
						CreatedOnToolsVersion = 16.1;
					};
					8ABBD44A2D00225400DDB2C1 = {
						CreatedOnToolsVersion = 16.1;
						TestTargetID = 8ABBD4342D00225300DDB2C1;
					};
					8ABBD4542D00225400DDB2C1 = {
						CreatedOnToolsVersion = 16.1;
						TestTargetID = 8ABBD4342D00225300DDB2C1;
					};
				};
			};
			buildConfigurationList = 8ABBD4302D00225300DDB2C1 /* Build configuration list for PBXProject "FitnessTrackerApp" */;
			developmentRegion = en;
			hasScannedForEncodings = 0;
			knownRegions = (
				en,
				Base,
			);
			mainGroup = 8ABBD42C2D00225300DDB2C1;
			minimizedProjectReferenceProxies = 1;
			preferredProjectObjectVersion = 77;
			productRefGroup = 8ABBD4362D00225300DDB2C1 /* Products */;
			projectDirPath = "";
			projectRoot = "";
			targets = (
				8ABBD4342D00225300DDB2C1 /* FitnessTrackerApp */,
				8ABBD44A2D00225400DDB2C1 /* FitnessTrackerAppTests */,
				8ABBD4542D00225400DDB2C1 /* FitnessTrackerAppUITests */,
			);
		};
/* End PBXProject section */

/* Begin PBXResourcesBuildPhase section */
		8ABBD4332D00225300DDB2C1 /* Resources */ = {
			isa = PBXResourcesBuildPhase;
			buildActionMask = 2147483647;
			files = (
			);
			runOnlyForDeploymentPostprocessing = 0;
		};
		8ABBD4492D00225400DDB2C1 /* Resources */ = {
			isa = PBXResourcesBuildPhase;
			buildActionMask = 2147483647;
			files = (
			);
			runOnlyForDeploymentPostprocessing = 0;
		};
		8ABBD4532D00225400DDB2C1 /* Resources */ = {
			isa = PBXResourcesBuildPhase;
			buildActionMask = 2147483647;
			files = (
			);
			runOnlyForDeploymentPostprocessing = 0;
		};
/* End PBXResourcesBuildPhase section */

/* Begin PBXShellScriptBuildPhase section */
		0A92F7DAC0F9C74511AB0D2C /* [CP] Embed Pods Frameworks */ = {
			isa = PBXShellScriptBuildPhase;
			buildActionMask = 2147483647;
			files = (
			);
			inputFileListPaths = (
				"${PODS_ROOT}/Target Support Files/Pods-FitnessTrackerApp/Pods-FitnessTrackerApp-frameworks-${CONFIGURATION}-input-files.xcfilelist",
			);
			name = "[CP] Embed Pods Frameworks";
			outputFileListPaths = (
				"${PODS_ROOT}/Target Support Files/Pods-FitnessTrackerApp/Pods-FitnessTrackerApp-frameworks-${CONFIGURATION}-output-files.xcfilelist",
			);
			runOnlyForDeploymentPostprocessing = 0;
			shellPath = /bin/sh;
			shellScript = "\"${PODS_ROOT}/Target Support Files/Pods-FitnessTrackerApp/Pods-FitnessTrackerApp-frameworks.sh\"\n";
			showEnvVarsInLog = 0;
		};
		70A583EA15119734448BC796 /* [CP] Check Pods Manifest.lock */ = {
			isa = PBXShellScriptBuildPhase;
			buildActionMask = 2147483647;
			files = (
			);
			inputFileListPaths = (
			);
			inputPaths = (
				"${PODS_PODFILE_DIR_PATH}/Podfile.lock",
				"${PODS_ROOT}/Manifest.lock",
			);
			name = "[CP] Check Pods Manifest.lock";
			outputFileListPaths = (
			);
			outputPaths = (
				"$(DERIVED_FILE_DIR)/Pods-FitnessTrackerAppTests-checkManifestLockResult.txt",
			);
			runOnlyForDeploymentPostprocessing = 0;
			shellPath = /bin/sh;
			shellScript = "diff \"${PODS_PODFILE_DIR_PATH}/Podfile.lock\" \"${PODS_ROOT}/Manifest.lock\" > /dev/null\nif [ $? != 0 ] ; then\n    # print error to STDERR\n    echo \"error: The sandbox is not in sync with the Podfile.lock. Run 'pod install' or update your CocoaPods installation.\" >&2\n    exit 1\nfi\n# This output is used by Xcode 'outputs' to avoid re-running this script phase.\necho \"SUCCESS\" > \"${SCRIPT_OUTPUT_FILE_0}\"\n";
			showEnvVarsInLog = 0;
		};
		A6E5C3CD95912B7FFACC54C5 /* [CP] Check Pods Manifest.lock */ = {
			isa = PBXShellScriptBuildPhase;
			buildActionMask = 2147483647;
			files = (
			);
			inputFileListPaths = (
			);
			inputPaths = (
				"${PODS_PODFILE_DIR_PATH}/Podfile.lock",
				"${PODS_ROOT}/Manifest.lock",
			);
			name = "[CP] Check Pods Manifest.lock";
			outputFileListPaths = (
			);
			outputPaths = (
				"$(DERIVED_FILE_DIR)/Pods-FitnessTrackerApp-FitnessTrackerAppUITests-checkManifestLockResult.txt",
			);
			runOnlyForDeploymentPostprocessing = 0;
			shellPath = /bin/sh;
			shellScript = "diff \"${PODS_PODFILE_DIR_PATH}/Podfile.lock\" \"${PODS_ROOT}/Manifest.lock\" > /dev/null\nif [ $? != 0 ] ; then\n    # print error to STDERR\n    echo \"error: The sandbox is not in sync with the Podfile.lock. Run 'pod install' or update your CocoaPods installation.\" >&2\n    exit 1\nfi\n# This output is used by Xcode 'outputs' to avoid re-running this script phase.\necho \"SUCCESS\" > \"${SCRIPT_OUTPUT_FILE_0}\"\n";
			showEnvVarsInLog = 0;
		};
		ADDA575AF984E03781D7EB35 /* [CP] Check Pods Manifest.lock */ = {
			isa = PBXShellScriptBuildPhase;
			buildActionMask = 2147483647;
			files = (
			);
			inputFileListPaths = (
			);
			inputPaths = (
				"${PODS_PODFILE_DIR_PATH}/Podfile.lock",
				"${PODS_ROOT}/Manifest.lock",
			);
			name = "[CP] Check Pods Manifest.lock";
			outputFileListPaths = (
			);
			outputPaths = (
				"$(DERIVED_FILE_DIR)/Pods-FitnessTrackerApp-checkManifestLockResult.txt",
			);
			runOnlyForDeploymentPostprocessing = 0;
			shellPath = /bin/sh;
			shellScript = "diff \"${PODS_PODFILE_DIR_PATH}/Podfile.lock\" \"${PODS_ROOT}/Manifest.lock\" > /dev/null\nif [ $? != 0 ] ; then\n    # print error to STDERR\n    echo \"error: The sandbox is not in sync with the Podfile.lock. Run 'pod install' or update your CocoaPods installation.\" >&2\n    exit 1\nfi\n# This output is used by Xcode 'outputs' to avoid re-running this script phase.\necho \"SUCCESS\" > \"${SCRIPT_OUTPUT_FILE_0}\"\n";
			showEnvVarsInLog = 0;
		};
		D919C09C93340DCA3D9FB55A /* [CP] Embed Pods Frameworks */ = {
			isa = PBXShellScriptBuildPhase;
			buildActionMask = 2147483647;
			files = (
			);
			inputFileListPaths = (
				"${PODS_ROOT}/Target Support Files/Pods-FitnessTrackerApp-FitnessTrackerAppUITests/Pods-FitnessTrackerApp-FitnessTrackerAppUITests-frameworks-${CONFIGURATION}-input-files.xcfilelist",
			);
			name = "[CP] Embed Pods Frameworks";
			outputFileListPaths = (
				"${PODS_ROOT}/Target Support Files/Pods-FitnessTrackerApp-FitnessTrackerAppUITests/Pods-FitnessTrackerApp-FitnessTrackerAppUITests-frameworks-${CONFIGURATION}-output-files.xcfilelist",
			);
			runOnlyForDeploymentPostprocessing = 0;
			shellPath = /bin/sh;
			shellScript = "\"${PODS_ROOT}/Target Support Files/Pods-FitnessTrackerApp-FitnessTrackerAppUITests/Pods-FitnessTrackerApp-FitnessTrackerAppUITests-frameworks.sh\"\n";
			showEnvVarsInLog = 0;
		};
/* End PBXShellScriptBuildPhase section */

/* Begin PBXSourcesBuildPhase section */
		8ABBD4312D00225300DDB2C1 /* Sources */ = {
			isa = PBXSourcesBuildPhase;
			buildActionMask = 2147483647;
			files = (
			);
			runOnlyForDeploymentPostprocessing = 0;
		};
		8ABBD4472D00225400DDB2C1 /* Sources */ = {
			isa = PBXSourcesBuildPhase;
			buildActionMask = 2147483647;
			files = (
			);
			runOnlyForDeploymentPostprocessing = 0;
		};
		8ABBD4512D00225400DDB2C1 /* Sources */ = {
			isa = PBXSourcesBuildPhase;
			buildActionMask = 2147483647;
			files = (
			);
			runOnlyForDeploymentPostprocessing = 0;
		};
/* End PBXSourcesBuildPhase section */

/* Begin PBXTargetDependency section */
		8ABBD44D2D00225400DDB2C1 /* PBXTargetDependency */ = {
			isa = PBXTargetDependency;
			target = 8ABBD4342D00225300DDB2C1 /* FitnessTrackerApp */;
			targetProxy = 8ABBD44C2D00225400DDB2C1 /* PBXContainerItemProxy */;
		};
		8ABBD4572D00225400DDB2C1 /* PBXTargetDependency */ = {
			isa = PBXTargetDependency;
			target = 8ABBD4342D00225300DDB2C1 /* FitnessTrackerApp */;
			targetProxy = 8ABBD4562D00225400DDB2C1 /* PBXContainerItemProxy */;
		};
/* End PBXTargetDependency section */

/* Begin XCBuildConfiguration section */
		8ABBD45D2D00225400DDB2C1 /* Debug */ = {
			isa = XCBuildConfiguration;
			buildSettings = {
				ALWAYS_SEARCH_USER_PATHS = NO;
				ASSETCATALOG_COMPILER_GENERATE_SWIFT_ASSET_SYMBOL_EXTENSIONS = YES;
				CLANG_ANALYZER_NONNULL = YES;
				CLANG_ANALYZER_NUMBER_OBJECT_CONVERSION = YES_AGGRESSIVE;
				CLANG_CXX_LANGUAGE_STANDARD = "gnu++20";
				CLANG_ENABLE_MODULES = YES;
				CLANG_ENABLE_OBJC_ARC = YES;
				CLANG_ENABLE_OBJC_WEAK = YES;
				CLANG_WARN_BLOCK_CAPTURE_AUTORELEASING = YES;
				CLANG_WARN_BOOL_CONVERSION = YES;
				CLANG_WARN_COMMA = YES;
				CLANG_WARN_CONSTANT_CONVERSION = YES;
				CLANG_WARN_DEPRECATED_OBJC_IMPLEMENTATIONS = YES;
				CLANG_WARN_DIRECT_OBJC_ISA_USAGE = YES_ERROR;
				CLANG_WARN_DOCUMENTATION_COMMENTS = YES;
				CLANG_WARN_EMPTY_BODY = YES;
				CLANG_WARN_ENUM_CONVERSION = YES;
				CLANG_WARN_INFINITE_RECURSION = YES;
				CLANG_WARN_INT_CONVERSION = YES;
				CLANG_WARN_NON_LITERAL_NULL_CONVERSION = YES;
				CLANG_WARN_OBJC_IMPLICIT_RETAIN_SELF = YES;
				CLANG_WARN_OBJC_LITERAL_CONVERSION = YES;
				CLANG_WARN_OBJC_ROOT_CLASS = YES_ERROR;
				CLANG_WARN_QUOTED_INCLUDE_IN_FRAMEWORK_HEADER = YES;
				CLANG_WARN_RANGE_LOOP_ANALYSIS = YES;
				CLANG_WARN_STRICT_PROTOTYPES = YES;
				CLANG_WARN_SUSPICIOUS_MOVE = YES;
				CLANG_WARN_UNGUARDED_AVAILABILITY = YES_AGGRESSIVE;
				CLANG_WARN_UNREACHABLE_CODE = YES;
				CLANG_WARN__DUPLICATE_METHOD_MATCH = YES;
				COPY_PHASE_STRIP = NO;
				DEBUG_INFORMATION_FORMAT = dwarf;
				ENABLE_STRICT_OBJC_MSGSEND = YES;
				ENABLE_TESTABILITY = YES;
				ENABLE_USER_SCRIPT_SANDBOXING = YES;
				GCC_C_LANGUAGE_STANDARD = gnu17;
				GCC_DYNAMIC_NO_PIC = NO;
				GCC_NO_COMMON_BLOCKS = YES;
				GCC_OPTIMIZATION_LEVEL = 0;
				GCC_PREPROCESSOR_DEFINITIONS = (
					"DEBUG=1",
					"$(inherited)",
				);
				GCC_WARN_64_TO_32_BIT_CONVERSION = YES;
				GCC_WARN_ABOUT_RETURN_TYPE = YES_ERROR;
				GCC_WARN_UNDECLARED_SELECTOR = YES;
				GCC_WARN_UNINITIALIZED_AUTOS = YES_AGGRESSIVE;
				GCC_WARN_UNUSED_FUNCTION = YES;
				GCC_WARN_UNUSED_VARIABLE = YES;
				LOCALIZATION_PREFERS_STRING_CATALOGS = YES;
				MTL_ENABLE_DEBUG_INFO = INCLUDE_SOURCE;
				MTL_FAST_MATH = YES;
				ONLY_ACTIVE_ARCH = YES;
				SWIFT_ACTIVE_COMPILATION_CONDITIONS = "DEBUG $(inherited)";
				SWIFT_OPTIMIZATION_LEVEL = "-Onone";
			};
			name = Debug;
		};
		8ABBD45E2D00225400DDB2C1 /* Release */ = {
			isa = XCBuildConfiguration;
			buildSettings = {
				ALWAYS_SEARCH_USER_PATHS = NO;
				ASSETCATALOG_COMPILER_GENERATE_SWIFT_ASSET_SYMBOL_EXTENSIONS = YES;
				CLANG_ANALYZER_NONNULL = YES;
				CLANG_ANALYZER_NUMBER_OBJECT_CONVERSION = YES_AGGRESSIVE;
				CLANG_CXX_LANGUAGE_STANDARD = "gnu++20";
				CLANG_ENABLE_MODULES = YES;
				CLANG_ENABLE_OBJC_ARC = YES;
				CLANG_ENABLE_OBJC_WEAK = YES;
				CLANG_WARN_BLOCK_CAPTURE_AUTORELEASING = YES;
				CLANG_WARN_BOOL_CONVERSION = YES;
				CLANG_WARN_COMMA = YES;
				CLANG_WARN_CONSTANT_CONVERSION = YES;
				CLANG_WARN_DEPRECATED_OBJC_IMPLEMENTATIONS = YES;
				CLANG_WARN_DIRECT_OBJC_ISA_USAGE = YES_ERROR;
				CLANG_WARN_DOCUMENTATION_COMMENTS = YES;
				CLANG_WARN_EMPTY_BODY = YES;
				CLANG_WARN_ENUM_CONVERSION = YES;
				CLANG_WARN_INFINITE_RECURSION = YES;
				CLANG_WARN_INT_CONVERSION = YES;
				CLANG_WARN_NON_LITERAL_NULL_CONVERSION = YES;
				CLANG_WARN_OBJC_IMPLICIT_RETAIN_SELF = YES;
				CLANG_WARN_OBJC_LITERAL_CONVERSION = YES;
				CLANG_WARN_OBJC_ROOT_CLASS = YES_ERROR;
				CLANG_WARN_QUOTED_INCLUDE_IN_FRAMEWORK_HEADER = YES;
				CLANG_WARN_RANGE_LOOP_ANALYSIS = YES;
				CLANG_WARN_STRICT_PROTOTYPES = YES;
				CLANG_WARN_SUSPICIOUS_MOVE = YES;
				CLANG_WARN_UNGUARDED_AVAILABILITY = YES_AGGRESSIVE;
				CLANG_WARN_UNREACHABLE_CODE = YES;
				CLANG_WARN__DUPLICATE_METHOD_MATCH = YES;
				COPY_PHASE_STRIP = NO;
				DEBUG_INFORMATION_FORMAT = "dwarf-with-dsym";
				ENABLE_NS_ASSERTIONS = NO;
				ENABLE_STRICT_OBJC_MSGSEND = YES;
				ENABLE_USER_SCRIPT_SANDBOXING = YES;
				GCC_C_LANGUAGE_STANDARD = gnu17;
				GCC_NO_COMMON_BLOCKS = YES;
				GCC_WARN_64_TO_32_BIT_CONVERSION = YES;
				GCC_WARN_ABOUT_RETURN_TYPE = YES_ERROR;
				GCC_WARN_UNDECLARED_SELECTOR = YES;
				GCC_WARN_UNINITIALIZED_AUTOS = YES_AGGRESSIVE;
				GCC_WARN_UNUSED_FUNCTION = YES;
				GCC_WARN_UNUSED_VARIABLE = YES;
				LOCALIZATION_PREFERS_STRING_CATALOGS = YES;
				MTL_ENABLE_DEBUG_INFO = NO;
				MTL_FAST_MATH = YES;
				SWIFT_COMPILATION_MODE = wholemodule;
			};
			name = Release;
		};
		8ABBD4602D00225400DDB2C1 /* Debug */ = {
			isa = XCBuildConfiguration;
			baseConfigurationReference = E39B813E37DFB035D3F53354 /* Pods-FitnessTrackerApp.debug.xcconfig */;
			buildSettings = {
				ASSETCATALOG_COMPILER_APPICON_NAME = AppIcon;
				ASSETCATALOG_COMPILER_GLOBAL_ACCENT_COLOR_NAME = AccentColor;
				CODE_SIGN_ENTITLEMENTS = FitnessTrackerApp/FitnessTrackerApp.entitlements;
				CODE_SIGN_STYLE = Automatic;
				CURRENT_PROJECT_VERSION = 1;
				DEVELOPMENT_ASSET_PATHS = "\"FitnessTrackerApp/Preview Content\"";
				DEVELOPMENT_TEAM = H78KYZ2HJ5;
				ENABLE_HARDENED_RUNTIME = YES;
				ENABLE_PREVIEWS = YES;
				ENABLE_USER_SCRIPT_SANDBOXING = NO;
				GENERATE_INFOPLIST_FILE = YES;
				INFOPLIST_FILE = FitnessTrackerApp/Info.plist;
				INFOPLIST_KEY_NSHealthShareUsageDescription = "This app needs access to your health data to track calories burned.";
				INFOPLIST_KEY_NSHealthUpdateUsageDescription = "This app needs access to update your health data for progress tracking.";
				"INFOPLIST_KEY_UIApplicationSceneManifest_Generation[sdk=iphoneos*]" = YES;
				"INFOPLIST_KEY_UIApplicationSceneManifest_Generation[sdk=iphonesimulator*]" = YES;
				"INFOPLIST_KEY_UIApplicationSupportsIndirectInputEvents[sdk=iphoneos*]" = YES;
				"INFOPLIST_KEY_UIApplicationSupportsIndirectInputEvents[sdk=iphonesimulator*]" = YES;
				"INFOPLIST_KEY_UILaunchScreen_Generation[sdk=iphoneos*]" = YES;
				"INFOPLIST_KEY_UILaunchScreen_Generation[sdk=iphonesimulator*]" = YES;
				"INFOPLIST_KEY_UIStatusBarStyle[sdk=iphoneos*]" = UIStatusBarStyleDefault;
				"INFOPLIST_KEY_UIStatusBarStyle[sdk=iphonesimulator*]" = UIStatusBarStyleDefault;
				INFOPLIST_KEY_UISupportedInterfaceOrientations_iPad = "UIInterfaceOrientationPortrait UIInterfaceOrientationPortraitUpsideDown UIInterfaceOrientationLandscapeLeft UIInterfaceOrientationLandscapeRight";
				INFOPLIST_KEY_UISupportedInterfaceOrientations_iPhone = "UIInterfaceOrientationPortrait UIInterfaceOrientationLandscapeLeft UIInterfaceOrientationLandscapeRight";
				IPHONEOS_DEPLOYMENT_TARGET = 15.6;
				LD_RUNPATH_SEARCH_PATHS = "@executable_path/Frameworks";
				"LD_RUNPATH_SEARCH_PATHS[sdk=macosx*]" = "@executable_path/../Frameworks";
				MACOSX_DEPLOYMENT_TARGET = 15.1;
				MARKETING_VERSION = 1.0;
				PRODUCT_BUNDLE_IDENTIFIER = com.rathi.FitnessTrackerApp;
				PRODUCT_NAME = "$(TARGET_NAME)";
				SDKROOT = auto;
				SUPPORTED_PLATFORMS = "iphoneos iphonesimulator macosx xros xrsimulator";
				SWIFT_EMIT_LOC_STRINGS = YES;
				SWIFT_VERSION = 5.0;
				TARGETED_DEVICE_FAMILY = "1,2,7";
				XROS_DEPLOYMENT_TARGET = 2.1;
			};
			name = Debug;
		};
		8ABBD4612D00225400DDB2C1 /* Release */ = {
			isa = XCBuildConfiguration;
			baseConfigurationReference = 32095515D400D225B7F809C8 /* Pods-FitnessTrackerApp.release.xcconfig */;
			buildSettings = {
				ASSETCATALOG_COMPILER_APPICON_NAME = AppIcon;
				ASSETCATALOG_COMPILER_GLOBAL_ACCENT_COLOR_NAME = AccentColor;
				CODE_SIGN_ENTITLEMENTS = FitnessTrackerApp/FitnessTrackerApp.entitlements;
				CODE_SIGN_STYLE = Automatic;
				CURRENT_PROJECT_VERSION = 1;
				DEVELOPMENT_ASSET_PATHS = "\"FitnessTrackerApp/Preview Content\"";
				DEVELOPMENT_TEAM = H78KYZ2HJ5;
				ENABLE_HARDENED_RUNTIME = YES;
				ENABLE_PREVIEWS = YES;
				ENABLE_USER_SCRIPT_SANDBOXING = NO;
				GENERATE_INFOPLIST_FILE = YES;
				INFOPLIST_FILE = FitnessTrackerApp/Info.plist;
				INFOPLIST_KEY_NSHealthShareUsageDescription = "This app needs access to your health data to track calories burned.";
				INFOPLIST_KEY_NSHealthUpdateUsageDescription = "This app needs access to update your health data for progress tracking.";
				"INFOPLIST_KEY_UIApplicationSceneManifest_Generation[sdk=iphoneos*]" = YES;
				"INFOPLIST_KEY_UIApplicationSceneManifest_Generation[sdk=iphonesimulator*]" = YES;
				"INFOPLIST_KEY_UIApplicationSupportsIndirectInputEvents[sdk=iphoneos*]" = YES;
				"INFOPLIST_KEY_UIApplicationSupportsIndirectInputEvents[sdk=iphonesimulator*]" = YES;
				"INFOPLIST_KEY_UILaunchScreen_Generation[sdk=iphoneos*]" = YES;
				"INFOPLIST_KEY_UILaunchScreen_Generation[sdk=iphonesimulator*]" = YES;
				"INFOPLIST_KEY_UIStatusBarStyle[sdk=iphoneos*]" = UIStatusBarStyleDefault;
				"INFOPLIST_KEY_UIStatusBarStyle[sdk=iphonesimulator*]" = UIStatusBarStyleDefault;
				INFOPLIST_KEY_UISupportedInterfaceOrientations_iPad = "UIInterfaceOrientationPortrait UIInterfaceOrientationPortraitUpsideDown UIInterfaceOrientationLandscapeLeft UIInterfaceOrientationLandscapeRight";
				INFOPLIST_KEY_UISupportedInterfaceOrientations_iPhone = "UIInterfaceOrientationPortrait UIInterfaceOrientationLandscapeLeft UIInterfaceOrientationLandscapeRight";
				IPHONEOS_DEPLOYMENT_TARGET = 15.6;
				LD_RUNPATH_SEARCH_PATHS = "@executable_path/Frameworks";
				"LD_RUNPATH_SEARCH_PATHS[sdk=macosx*]" = "@executable_path/../Frameworks";
				MACOSX_DEPLOYMENT_TARGET = 15.1;
				MARKETING_VERSION = 1.0;
				PRODUCT_BUNDLE_IDENTIFIER = com.rathi.FitnessTrackerApp;
				PRODUCT_NAME = "$(TARGET_NAME)";
				SDKROOT = auto;
				SUPPORTED_PLATFORMS = "iphoneos iphonesimulator macosx xros xrsimulator";
				SWIFT_EMIT_LOC_STRINGS = YES;
				SWIFT_VERSION = 5.0;
				TARGETED_DEVICE_FAMILY = "1,2,7";
				XROS_DEPLOYMENT_TARGET = 2.1;
			};
			name = Release;
		};
		8ABBD4632D00225400DDB2C1 /* Debug */ = {
			isa = XCBuildConfiguration;
			baseConfigurationReference = 3B757983C1F03E323C2366A8 /* Pods-FitnessTrackerAppTests.debug.xcconfig */;
			buildSettings = {
				BUNDLE_LOADER = "$(TEST_HOST)";
				CODE_SIGN_STYLE = Automatic;
				CURRENT_PROJECT_VERSION = 1;
				DEVELOPMENT_TEAM = H78KYZ2HJ5;
				ENABLE_USER_SCRIPT_SANDBOXING = NO;
				GENERATE_INFOPLIST_FILE = YES;
				IPHONEOS_DEPLOYMENT_TARGET = 18.0;
				MACOSX_DEPLOYMENT_TARGET = 15.1;
				MARKETING_VERSION = 1.0;
				PRODUCT_BUNDLE_IDENTIFIER = com.rathi.FitnessTrackerAppTests;
				PRODUCT_NAME = "$(TARGET_NAME)";
				SDKROOT = auto;
				SUPPORTED_PLATFORMS = "iphoneos iphonesimulator macosx xros xrsimulator";
				SWIFT_EMIT_LOC_STRINGS = NO;
				SWIFT_VERSION = 5.0;
				TARGETED_DEVICE_FAMILY = "1,2,7";
				TEST_HOST = "$(BUILT_PRODUCTS_DIR)/FitnessTrackerApp.app/$(BUNDLE_EXECUTABLE_FOLDER_PATH)/FitnessTrackerApp";
				XROS_DEPLOYMENT_TARGET = 2.1;
			};
			name = Debug;
		};
		8ABBD4642D00225400DDB2C1 /* Release */ = {
			isa = XCBuildConfiguration;
			baseConfigurationReference = E97877662435A1FC85C038EF /* Pods-FitnessTrackerAppTests.release.xcconfig */;
			buildSettings = {
				BUNDLE_LOADER = "$(TEST_HOST)";
				CODE_SIGN_STYLE = Automatic;
				CURRENT_PROJECT_VERSION = 1;
				DEVELOPMENT_TEAM = H78KYZ2HJ5;
				ENABLE_USER_SCRIPT_SANDBOXING = NO;
				GENERATE_INFOPLIST_FILE = YES;
				IPHONEOS_DEPLOYMENT_TARGET = 18.0;
				MACOSX_DEPLOYMENT_TARGET = 15.1;
				MARKETING_VERSION = 1.0;
				PRODUCT_BUNDLE_IDENTIFIER = com.rathi.FitnessTrackerAppTests;
				PRODUCT_NAME = "$(TARGET_NAME)";
				SDKROOT = auto;
				SUPPORTED_PLATFORMS = "iphoneos iphonesimulator macosx xros xrsimulator";
				SWIFT_EMIT_LOC_STRINGS = NO;
				SWIFT_VERSION = 5.0;
				TARGETED_DEVICE_FAMILY = "1,2,7";
				TEST_HOST = "$(BUILT_PRODUCTS_DIR)/FitnessTrackerApp.app/$(BUNDLE_EXECUTABLE_FOLDER_PATH)/FitnessTrackerApp";
				XROS_DEPLOYMENT_TARGET = 2.1;
			};
			name = Release;
		};
		8ABBD4662D00225400DDB2C1 /* Debug */ = {
			isa = XCBuildConfiguration;
			baseConfigurationReference = 4F48C521417CB343D06C9982 /* Pods-FitnessTrackerApp-FitnessTrackerAppUITests.debug.xcconfig */;
			buildSettings = {
				CODE_SIGN_STYLE = Automatic;
				CURRENT_PROJECT_VERSION = 1;
				DEVELOPMENT_TEAM = H78KYZ2HJ5;
				ENABLE_USER_SCRIPT_SANDBOXING = NO;
				GENERATE_INFOPLIST_FILE = YES;
				IPHONEOS_DEPLOYMENT_TARGET = 18.0;
				MACOSX_DEPLOYMENT_TARGET = 15.1;
				MARKETING_VERSION = 1.0;
				PRODUCT_BUNDLE_IDENTIFIER = com.rathi.FitnessTrackerAppUITests;
				PRODUCT_NAME = "$(TARGET_NAME)";
				SDKROOT = auto;
				SUPPORTED_PLATFORMS = "iphoneos iphonesimulator macosx xros xrsimulator";
				SWIFT_EMIT_LOC_STRINGS = NO;
				SWIFT_VERSION = 5.0;
				TARGETED_DEVICE_FAMILY = "1,2,7";
				TEST_TARGET_NAME = FitnessTrackerApp;
				XROS_DEPLOYMENT_TARGET = 2.1;
			};
			name = Debug;
		};
		8ABBD4672D00225400DDB2C1 /* Release */ = {
			isa = XCBuildConfiguration;
			baseConfigurationReference = 257FB352C5E3D57335311672 /* Pods-FitnessTrackerApp-FitnessTrackerAppUITests.release.xcconfig */;
			buildSettings = {
				CODE_SIGN_STYLE = Automatic;
				CURRENT_PROJECT_VERSION = 1;
				DEVELOPMENT_TEAM = H78KYZ2HJ5;
				ENABLE_USER_SCRIPT_SANDBOXING = NO;
				GENERATE_INFOPLIST_FILE = YES;
				IPHONEOS_DEPLOYMENT_TARGET = 18.0;
				MACOSX_DEPLOYMENT_TARGET = 15.1;
				MARKETING_VERSION = 1.0;
				PRODUCT_BUNDLE_IDENTIFIER = com.rathi.FitnessTrackerAppUITests;
				PRODUCT_NAME = "$(TARGET_NAME)";
				SDKROOT = auto;
				SUPPORTED_PLATFORMS = "iphoneos iphonesimulator macosx xros xrsimulator";
				SWIFT_EMIT_LOC_STRINGS = NO;
				SWIFT_VERSION = 5.0;
				TARGETED_DEVICE_FAMILY = "1,2,7";
				TEST_TARGET_NAME = FitnessTrackerApp;
				XROS_DEPLOYMENT_TARGET = 2.1;
			};
			name = Release;
		};
/* End XCBuildConfiguration section */

/* Begin XCConfigurationList section */
		8ABBD4302D00225300DDB2C1 /* Build configuration list for PBXProject "FitnessTrackerApp" */ = {
			isa = XCConfigurationList;
			buildConfigurations = (
				8ABBD45D2D00225400DDB2C1 /* Debug */,
				8ABBD45E2D00225400DDB2C1 /* Release */,
			);
			defaultConfigurationIsVisible = 0;
			defaultConfigurationName = Release;
		};
		8ABBD45F2D00225400DDB2C1 /* Build configuration list for PBXNativeTarget "FitnessTrackerApp" */ = {
			isa = XCConfigurationList;
			buildConfigurations = (
				8ABBD4602D00225400DDB2C1 /* Debug */,
				8ABBD4612D00225400DDB2C1 /* Release */,
			);
			defaultConfigurationIsVisible = 0;
			defaultConfigurationName = Release;
		};
		8ABBD4622D00225400DDB2C1 /* Build configuration list for PBXNativeTarget "FitnessTrackerAppTests" */ = {
			isa = XCConfigurationList;
			buildConfigurations = (
				8ABBD4632D00225400DDB2C1 /* Debug */,
				8ABBD4642D00225400DDB2C1 /* Release */,
			);
			defaultConfigurationIsVisible = 0;
			defaultConfigurationName = Release;
		};
		8ABBD4652D00225400DDB2C1 /* Build configuration list for PBXNativeTarget "FitnessTrackerAppUITests" */ = {
			isa = XCConfigurationList;
			buildConfigurations = (
				8ABBD4662D00225400DDB2C1 /* Debug */,
				8ABBD4672D00225400DDB2C1 /* Release */,
			);
			defaultConfigurationIsVisible = 0;
			defaultConfigurationName = Release;
		};
/* End XCConfigurationList section */
	};
	rootObject = 8ABBD42D2D00225300DDB2C1 /* Project object */;
}
